Microsoft Visual Studio Solution File, Format Version 7.00
Project("{FAE04EC0-301F-11D3-BF4B-00C04F79EFBC}") = "TypoExpander", "TypoExpander\TypoExpander.csproj", "{7CAD25A3-AAE5-469F-A667-A736A805EB7C}"
EndProject
Global
	GlobalSection(SolutionConfiguration) = preSolution
		ConfigName.0 = Debug
		ConfigName.1 = Release
	EndGlobalSection
	GlobalSection(ProjectDependencies) = postSolution
	EndGlobalSection
	GlobalSection(ProjectConfiguration) = postSolution
		{7CAD25A3-AAE5-469F-A667-A736A805EB7C}.Debug.ActiveCfg = Debug|.NET
		{7CAD25A3-AAE5-469F-A667-A736A805EB7C}.Debug.Build.0 = Debug|.NET
		{7CAD25A3-AAE5-469F-A667-A736A805EB7C}.Release.ActiveCfg = Release|.NET
		{7CAD25A3-AAE5-469F-A667-A736A805EB7C}.Release.Build.0 = Release|.NET
	EndGlobalSection
	GlobalSection(ExtensibilityGlobals) = postSolution
	EndGlobalSection
	GlobalSection(ExtensibilityAddIns) = postSolution
	EndGlobalSection
EndGlobal
